
Microsoft Visual Studio Solution File, Format Version 12.00
# Visual Studio 15
VisualStudioVersion = 15.0.28307.645
MinimumVisualStudioVersion = 10.0.40219.1
Project("{FAE04EC0-301F-11D3-BF4B-00C04F79EFBC}") = "OrganizerCourse", "OrganizerCourse\OrganizerCourse.csproj", "{9584D0F3-CFB7-40E6-84C7-BF21E9D1A025}"
EndProject
Project("{FAE04EC0-301F-11D3-BF4B-00C04F79EFBC}") = "DAL", "DAL\DAL.csproj", "{37D581F3-1131-4B9F-9FDF-7193ABEB9E26}"
EndProject
Project("{FAE04EC0-301F-11D3-BF4B-00C04F79EFBC}") = "BLL", "BLL\BLL.csproj", "{C5EFFEBD-9DF4-4C55-948E-6082821CB5BF}"
EndProject
Project("{FAE04EC0-301F-11D3-BF4B-00C04F79EFBC}") = "Entity", "Entity\Entity.csproj", "{22270366-081B-4690-A7E2-4F0064821191}"
EndProject
Project("{FAE04EC0-301F-11D3-BF4B-00C04F79EFBC}") = "UnitTest", "UnitTestProject1\UnitTest.csproj", "{3898F6FF-B542-4B21-AEE1-3C36CFB65EDE}"
EndProject
Global
	GlobalSection(SolutionConfigurationPlatforms) = preSolution
		Debug|Any CPU = Debug|Any CPU
		Release|Any CPU = Release|Any CPU
	EndGlobalSection
	GlobalSection(ProjectConfigurationPlatforms) = postSolution
		{9584D0F3-CFB7-40E6-84C7-BF21E9D1A025}.Debug|Any CPU.ActiveCfg = Debug|Any CPU
		{9584D0F3-CFB7-40E6-84C7-BF21E9D1A025}.Debug|Any CPU.Build.0 = Debug|Any CPU
		{9584D0F3-CFB7-40E6-84C7-BF21E9D1A025}.Release|Any CPU.ActiveCfg = Release|Any CPU
		{9584D0F3-CFB7-40E6-84C7-BF21E9D1A025}.Release|Any CPU.Build.0 = Release|Any CPU
		{37D581F3-1131-4B9F-9FDF-7193ABEB9E26}.Debug|Any CPU.ActiveCfg = Debug|Any CPU
		{37D581F3-1131-4B9F-9FDF-7193ABEB9E26}.Debug|Any CPU.Build.0 = Debug|Any CPU
		{37D581F3-1131-4B9F-9FDF-7193ABEB9E26}.Release|Any CPU.ActiveCfg = Release|Any CPU
		{37D581F3-1131-4B9F-9FDF-7193ABEB9E26}.Release|Any CPU.Build.0 = Release|Any CPU
		{C5EFFEBD-9DF4-4C55-948E-6082821CB5BF}.Debug|Any CPU.ActiveCfg = Debug|Any CPU
		{C5EFFEBD-9DF4-4C55-948E-6082821CB5BF}.Debug|Any CPU.Build.0 = Debug|Any CPU
		{C5EFFEBD-9DF4-4C55-948E-6082821CB5BF}.Release|Any CPU.ActiveCfg = Release|Any CPU
		{C5EFFEBD-9DF4-4C55-948E-6082821CB5BF}.Release|Any CPU.Build.0 = Release|Any CPU
		{22270366-081B-4690-A7E2-4F0064821191}.Debug|Any CPU.ActiveCfg = Debug|Any CPU
		{22270366-081B-4690-A7E2-4F0064821191}.Debug|Any CPU.Build.0 = Debug|Any CPU
		{22270366-081B-4690-A7E2-4F0064821191}.Release|Any CPU.ActiveCfg = Release|Any CPU
		{22270366-081B-4690-A7E2-4F0064821191}.Release|Any CPU.Build.0 = Release|Any CPU
		{3898F6FF-B542-4B21-AEE1-3C36CFB65EDE}.Debug|Any CPU.ActiveCfg = Debug|Any CPU
		{3898F6FF-B542-4B21-AEE1-3C36CFB65EDE}.Debug|Any CPU.Build.0 = Debug|Any CPU
		{3898F6FF-B542-4B21-AEE1-3C36CFB65EDE}.Release|Any CPU.ActiveCfg = Release|Any CPU
		{3898F6FF-B542-4B21-AEE1-3C36CFB65EDE}.Release|Any CPU.Build.0 = Release|Any CPU
	EndGlobalSection
	GlobalSection(SolutionProperties) = preSolution
		HideSolutionNode = FALSE
	EndGlobalSection
	GlobalSection(ExtensibilityGlobals) = postSolution
		SolutionGuid = {81BB75AC-FF0B-4DB7-8160-5DD67D2338AE}
	EndGlobalSection
EndGlobal
