
Microsoft Visual Studio Solution File, Format Version 12.00
# Visual Studio 15
VisualStudioVersion = 15.0.27703.2047
MinimumVisualStudioVersion = 10.0.40219.1
Project("{FAE04EC0-301F-11D3-BF4B-00C04F79EFBC}") = "1", "1\1.csproj", "{45D112E0-9DE0-4706-BFD0-55E8CF7032F0}"
EndProject
Project("{FAE04EC0-301F-11D3-BF4B-00C04F79EFBC}") = "DAL", "DAL\DAL.csproj", "{FDB83AE4-3F7C-4419-A942-289055C2FD87}"
EndProject
Project("{FAE04EC0-301F-11D3-BF4B-00C04F79EFBC}") = "BLL", "BLL\BLL.csproj", "{B8ABC763-9F65-4566-8C33-1825D7516E31}"
EndProject
Project("{FAE04EC0-301F-11D3-BF4B-00C04F79EFBC}") = "DesignAgency", "Hotel\DesignAgency.csproj", "{5275F7BE-E92B-449F-9599-161E7EA0398E}"
EndProject
Project("{FAE04EC0-301F-11D3-BF4B-00C04F79EFBC}") = "UI", "UI\UI.csproj", "{0C63A806-53BF-4C0D-8A40-CC03A7BB0BE2}"
EndProject
Global
	GlobalSection(SolutionConfigurationPlatforms) = preSolution
		Debug|Any CPU = Debug|Any CPU
		Release|Any CPU = Release|Any CPU
	EndGlobalSection
	GlobalSection(ProjectConfigurationPlatforms) = postSolution
		{45D112E0-9DE0-4706-BFD0-55E8CF7032F0}.Debug|Any CPU.ActiveCfg = Debug|Any CPU
		{45D112E0-9DE0-4706-BFD0-55E8CF7032F0}.Debug|Any CPU.Build.0 = Debug|Any CPU
		{45D112E0-9DE0-4706-BFD0-55E8CF7032F0}.Release|Any CPU.ActiveCfg = Release|Any CPU
		{45D112E0-9DE0-4706-BFD0-55E8CF7032F0}.Release|Any CPU.Build.0 = Release|Any CPU
		{FDB83AE4-3F7C-4419-A942-289055C2FD87}.Debug|Any CPU.ActiveCfg = Debug|Any CPU
		{FDB83AE4-3F7C-4419-A942-289055C2FD87}.Debug|Any CPU.Build.0 = Debug|Any CPU
		{FDB83AE4-3F7C-4419-A942-289055C2FD87}.Release|Any CPU.ActiveCfg = Release|Any CPU
		{FDB83AE4-3F7C-4419-A942-289055C2FD87}.Release|Any CPU.Build.0 = Release|Any CPU
		{B8ABC763-9F65-4566-8C33-1825D7516E31}.Debug|Any CPU.ActiveCfg = Debug|Any CPU
		{B8ABC763-9F65-4566-8C33-1825D7516E31}.Debug|Any CPU.Build.0 = Debug|Any CPU
		{B8ABC763-9F65-4566-8C33-1825D7516E31}.Release|Any CPU.ActiveCfg = Release|Any CPU
		{B8ABC763-9F65-4566-8C33-1825D7516E31}.Release|Any CPU.Build.0 = Release|Any CPU
		{5275F7BE-E92B-449F-9599-161E7EA0398E}.Debug|Any CPU.ActiveCfg = Debug|Any CPU
		{5275F7BE-E92B-449F-9599-161E7EA0398E}.Debug|Any CPU.Build.0 = Debug|Any CPU
		{5275F7BE-E92B-449F-9599-161E7EA0398E}.Release|Any CPU.ActiveCfg = Release|Any CPU
		{5275F7BE-E92B-449F-9599-161E7EA0398E}.Release|Any CPU.Build.0 = Release|Any CPU
		{0C63A806-53BF-4C0D-8A40-CC03A7BB0BE2}.Debug|Any CPU.ActiveCfg = Debug|Any CPU
		{0C63A806-53BF-4C0D-8A40-CC03A7BB0BE2}.Debug|Any CPU.Build.0 = Debug|Any CPU
		{0C63A806-53BF-4C0D-8A40-CC03A7BB0BE2}.Release|Any CPU.ActiveCfg = Release|Any CPU
		{0C63A806-53BF-4C0D-8A40-CC03A7BB0BE2}.Release|Any CPU.Build.0 = Release|Any CPU
	EndGlobalSection
	GlobalSection(SolutionProperties) = preSolution
		HideSolutionNode = FALSE
	EndGlobalSection
	GlobalSection(ExtensibilityGlobals) = postSolution
		SolutionGuid = {0762FD6E-344E-405E-AC80-CE747D6CCD96}
	EndGlobalSection
EndGlobal
